
Microsoft Visual Studio Solution File, Format Version 12.00
# Visual Studio Version 17
VisualStudioVersion = 17.1.32210.238
MinimumVisualStudioVersion = 10.0.40219.1
Project("{9A19103F-16F7-4668-BE54-9A1E7A4F7556}") = "PlatformService", "PlatformService.csproj", "{14A5B807-C365-4715-94D1-39315FBCE30E}"
EndProject
Global
	GlobalSection(SolutionConfigurationPlatforms) = preSolution
		Debug|Any CPU = Debug|Any CPU
		Release|Any CPU = Release|Any CPU
	EndGlobalSection
	GlobalSection(ProjectConfigurationPlatforms) = postSolution
		{14A5B807-C365-4715-94D1-39315FBCE30E}.Debug|Any CPU.ActiveCfg = Debug|Any CPU
		{14A5B807-C365-4715-94D1-39315FBCE30E}.Debug|Any CPU.Build.0 = Debug|Any CPU
		{14A5B807-C365-4715-94D1-39315FBCE30E}.Release|Any CPU.ActiveCfg = Release|Any CPU
		{14A5B807-C365-4715-94D1-39315FBCE30E}.Release|Any CPU.Build.0 = Release|Any CPU
	EndGlobalSection
	GlobalSection(SolutionProperties) = preSolution
		HideSolutionNode = FALSE
	EndGlobalSection
	GlobalSection(ExtensibilityGlobals) = postSolution
		SolutionGuid = {C7F5DAC4-EA78-4023-B261-8E7816969CF9}
	EndGlobalSection
EndGlobal
